// !$*UTF8*$!
{
	archiveVersion = 1;
	classes = {
	};
	objectVersion = 46;
	objects = {

/* Begin PBXBuildFile section */
		2BB492881CF19FFE0075FDAC /* main.m in Sources */ = {isa = PBXBuildFile; fileRef = 2BB492871CF19FFE0075FDAC /* main.m */; };
		2BB4928B1CF19FFE0075FDAC /* AppDelegate.m in Sources */ = {isa = PBXBuildFile; fileRef = 2BB4928A1CF19FFE0075FDAC /* AppDelegate.m */; };
		2BB4928E1CF19FFE0075FDAC /* ViewController.m in Sources */ = {isa = PBXBuildFile; fileRef = 2BB4928D1CF19FFE0075FDAC /* ViewController.m */; };
		2BB492911CF19FFE0075FDAC /* Main.storyboard in Resources */ = {isa = PBXBuildFile; fileRef = 2BB4928F1CF19FFE0075FDAC /* Main.storyboard */; };
		2BB492931CF19FFE0075FDAC /* Assets.xcassets in Resources */ = {isa = PBXBuildFile; fileRef = 2BB492921CF19FFE0075FDAC /* Assets.xcassets */; };
		2BB492961CF19FFE0075FDAC /* LaunchScreen.storyboard in Resources */ = {isa = PBXBuildFile; fileRef = 2BB492941CF19FFE0075FDAC /* LaunchScreen.storyboard */; };
/* End PBXBuildFile section */

/* Begin PBXFileReference section */
		2BB492831CF19FFE0075FDAC /* P_D.app */ = {isa = PBXFileReference; explicitFileType = wrapper.application; includeInIndex = 0; path = P_D.app; sourceTree = BUILT_PRODUCTS_DIR; };
		2BB492871CF19FFE0075FDAC /* main.m */ = {isa = PBXFileReference; lastKnownFileType = sourcecode.c.objc; path = main.m; sourceTree = "<group>"; };
		2BB492891CF19FFE0075FDAC /* AppDelegate.h */ = {isa = PBXFileReference; lastKnownFileType = sourcecode.c.h; path = AppDelegate.h; sourceTree = "<group>"; };
		2BB4928A1CF19FFE0075FDAC /* AppDelegate.m */ = {isa = PBXFileReference; lastKnownFileType = sourcecode.c.objc; path = AppDelegate.m; sourceTree = "<group>"; };
		2BB4928C1CF19FFE0075FDAC /* ViewController.h */ = {isa = PBXFileReference; lastKnownFileType = sourcecode.c.h; path = ViewController.h; sourceTree = "<group>"; };
		2BB4928D1CF19FFE0075FDAC /* ViewController.m */ = {isa = PBXFileReference; lastKnownFileType = sourcecode.c.objc; path = ViewController.m; sourceTree = "<group>"; };
		2BB492901CF19FFE0075FDAC /* Base */ = {isa = PBXFileReference; lastKnownFileType = file.storyboard; name = Base; path = Base.lproj/Main.storyboard; sourceTree = "<group>"; };
		2BB492921CF19FFE0075FDAC /* Assets.xcassets */ = {isa = PBXFileReference; lastKnownFileType = folder.assetcatalog; path = Assets.xcassets; sourceTree = "<group>"; };
		2BB492951CF19FFE0075FDAC /* Base */ = {isa = PBXFileReference; lastKnownFileType = file.storyboard; name = Base; path = Base.lproj/LaunchScreen.storyboard; sourceTree = "<group>"; };
		2BB492971CF19FFE0075FDAC /* Info.plist */ = {isa = PBXFileReference; lastKnownFileType = text.plist.xml; path = Info.plist; sourceTree = "<group>"; };
/* End PBXFileReference section */

/* Begin PBXFrameworksBuildPhase section */
		2BB492801CF19FFE0075FDAC /* Frameworks */ = {
			isa = PBXFrameworksBuildPhase;
			buildActionMask = 2147483647;
			files = (
			);
			runOnlyForDeploymentPostprocessing = 0;
		};
/* End PBXFrameworksBuildPhase section */

/* Begin PBXGroup section */
		2BB4927A1CF19FFE0075FDAC = {
			isa = PBXGroup;
			children = (
				2BB492851CF19FFE0075FDAC /* P_D */,
				2BB492841CF19FFE0075FDAC /* Products */,
			);
			sourceTree = "<group>";
		};
		2BB492841CF19FFE0075FDAC /* Products */ = {
			isa = PBXGroup;
			children = (
				2BB492831CF19FFE0075FDAC /* P_D.app */,
			);
			name = Products;
			sourceTree = "<group>";
		};
		2BB492851CF19FFE0075FDAC /* P_D */ = {
			isa = PBXGroup;
			children = (
				2BB492891CF19FFE0075FDAC /* AppDelegate.h */,
				2BB4928A1CF19FFE0075FDAC /* AppDelegate.m */,
				2BB4928C1CF19FFE0075FDAC /* ViewController.h */,
				2BB4928D1CF19FFE0075FDAC /* ViewController.m */,
				2BB4928F1CF19FFE0075FDAC /* Main.storyboard */,
				2BB492921CF19FFE0075FDAC /* Assets.xcassets */,
				2BB492941CF19FFE0075FDAC /* LaunchScreen.storyboard */,
				2BB492971CF19FFE0075FDAC /* Info.plist */,
				2BB492861CF19FFE0075FDAC /* Supporting Files */,
			);
			path = P_D;
			sourceTree = "<group>";
		};
		2BB492861CF19FFE0075FDAC /* Supporting Files */ = {
			isa = PBXGroup;
			children = (
				2BB492871CF19FFE0075FDAC /* main.m */,
			);
			name = "Supporting Files";
			sourceTree = "<group>";
		};
/* End PBXGroup section */

/* Begin PBXNativeTarget section */
		2BB492821CF19FFE0075FDAC /* P_D */ = {
			isa = PBXNativeTarget;
			buildConfigurationList = 2BB4929A1CF19FFE0075FDAC /* Build configuration list for PBXNativeTarget "P_D" */;
			buildPhases = (
				2BB4927F1CF19FFE0075FDAC /* Sources */,
				2BB492801CF19FFE0075FDAC /* Frameworks */,
				2BB492811CF19FFE0075FDAC /* Resources */,
			);
			buildRules = (
			);
			dependencies = (
			);
			name = P_D;
			productName = P_D;
			productReference = 2BB492831CF19FFE0075FDAC /* P_D.app */;
			productType = "com.apple.product-type.application";
		};
/* End PBXNativeTarget section */

/* Begin PBXProject section */
		2BB4927B1CF19FFE0075FDAC /* Project object */ = {
			isa = PBXProject;
			attributes = {
				LastUpgradeCheck = 0720;
				ORGANIZATIONNAME = majunliang;
				TargetAttributes = {
					2BB492821CF19FFE0075FDAC = {
						CreatedOnToolsVersion = 7.2.1;
					};
				};
			};
			buildConfigurationList = 2BB4927E1CF19FFE0075FDAC /* Build configuration list for PBXProject "P_D" */;
			compatibilityVersion = "Xcode 3.2";
			developmentRegion = English;
			hasScannedForEncodings = 0;
			knownRegions = (
				en,
				Base,
			);
			mainGroup = 2BB4927A1CF19FFE0075FDAC;
			productRefGroup = 2BB492841CF19FFE0075FDAC /* Products */;
			projectDirPath = "";
			projectRoot = "";
			targets = (
				2BB492821CF19FFE0075FDAC /* P_D */,
			);
		};
/* End PBXProject section */

/* Begin PBXResourcesBuildPhase section */
		2BB492811CF19FFE0075FDAC /* Resources */ = {
			isa = PBXResourcesBuildPhase;
			buildActionMask = 2147483647;
			files = (
				2BB492961CF19FFE0075FDAC /* LaunchScreen.storyboard in Resources */,
				2BB492931CF19FFE0075FDAC /* Assets.xcassets in Resources */,
				2BB492911CF19FFE0075FDAC /* Main.storyboard in Resources */,
			);
			runOnlyForDeploymentPostprocessing = 0;
		};
/* End PBXResourcesBuildPhase section */

/* Begin PBXSourcesBuildPhase section */
		2BB4927F1CF19FFE0075FDAC /* Sources */ = {
			isa = PBXSourcesBuildPhase;
			buildActionMask = 2147483647;
			files = (
				2BB4928E1CF19FFE0075FDAC /* ViewController.m in Sources */,
				2BB4928B1CF19FFE0075FDAC /* AppDelegate.m in Sources */,
				2BB492881CF19FFE0075FDAC /* main.m in Sources */,
			);
			runOnlyForDeploymentPostprocessing = 0;
		};
/* End PBXSourcesBuildPhase section */

/* Begin PBXVariantGroup section */
		2BB4928F1CF19FFE0075FDAC /* Main.storyboard */ = {
			isa = PBXVariantGroup;
			children = (
				2BB492901CF19FFE0075FDAC /* Base */,
			);
			name = Main.storyboard;
			sourceTree = "<group>";
		};
		2BB492941CF19FFE0075FDAC /* LaunchScreen.storyboard */ = {
			isa = PBXVariantGroup;
			children = (
				2BB492951CF19FFE0075FDAC /* Base */,
			);
			name = LaunchScreen.storyboard;
			sourceTree = "<group>";
		};
/* End PBXVariantGroup section */

/* Begin XCBuildConfiguration section */
		2BB492981CF19FFE0075FDAC /* Debug */ = {
			isa = XCBuildConfiguration;
			buildSettings = {
				ALWAYS_SEARCH_USER_PATHS = NO;
				CLANG_CXX_LANGUAGE_STANDARD = "gnu++0x";
				CLANG_CXX_LIBRARY = "libc++";
				CLANG_ENABLE_MODULES = YES;
				CLANG_ENABLE_OBJC_ARC = YES;
				CLANG_WARN_BOOL_CONVERSION = YES;
				CLANG_WARN_CONSTANT_CONVERSION = YES;
				CLANG_WARN_DIRECT_OBJC_ISA_USAGE = YES_ERROR;
				CLANG_WARN_EMPTY_BODY = YES;
				CLANG_WARN_ENUM_CONVERSION = YES;
				CLANG_WARN_INT_CONVERSION = YES;
				CLANG_WARN_OBJC_ROOT_CLASS = YES_ERROR;
				CLANG_WARN_UNREACHABLE_CODE = YES;
				CLANG_WARN__DUPLICATE_METHOD_MATCH = YES;
				"CODE_SIGN_IDENTITY[sdk=iphoneos*]" = "iPhone Developer";
				COPY_PHASE_STRIP = NO;
				DEBUG_INFORMATION_FORMAT = dwarf;
				ENABLE_STRICT_OBJC_MSGSEND = YES;
				ENABLE_TESTABILITY = YES;
				GCC_C_LANGUAGE_STANDARD = gnu99;
				GCC_DYNAMIC_NO_PIC = NO;
				GCC_NO_COMMON_BLOCKS = YES;
				GCC_OPTIMIZATION_LEVEL = 0;
				GCC_PREPROCESSOR_DEFINITIONS = (
					"DEBUG=1",
					"$(inherited)",
				);
				GCC_WARN_64_TO_32_BIT_CONVERSION = YES;
				GCC_WARN_ABOUT_RETURN_TYPE = YES_ERROR;
				GCC_WARN_UNDECLARED_SELECTOR = YES;
				GCC_WARN_UNINITIALIZED_AUTOS = YES_AGGRESSIVE;
				GCC_WARN_UNUSED_FUNCTION = YES;
				GCC_WARN_UNUSED_VARIABLE = YES;
				IPHONEOS_DEPLOYMENT_TARGET = 9.2;
				MTL_ENABLE_DEBUG_INFO = YES;
				ONLY_ACTIVE_ARCH = YES;
				SDKROOT = iphoneos;
				TARGETED_DEVICE_FAMILY = "1,2";
			};
			name = Debug;
		};
		2BB492991CF19FFE0075FDAC /* Release */ = {
			isa = XCBuildConfiguration;
			buildSettings = {
				ALWAYS_SEARCH_USER_PATHS = NO;
				CLANG_CXX_LANGUAGE_STANDARD = "gnu++0x";
				CLANG_CXX_LIBRARY = "libc++";
				CLANG_ENABLE_MODULES = YES;
				CLANG_ENABLE_OBJC_ARC = YES;
				CLANG_WARN_BOOL_CONVERSION = YES;
				CLANG_WARN_CONSTANT_CONVERSION = YES;
				CLANG_WARN_DIRECT_OBJC_ISA_USAGE = YES_ERROR;
				CLANG_WARN_EMPTY_BODY = YES;
				CLANG_WARN_ENUM_CONVERSION = YES;
				CLANG_WARN_INT_CONVERSION = YES;
				CLANG_WARN_OBJC_ROOT_CLASS = YES_ERROR;
				CLANG_WARN_UNREACHABLE_CODE = YES;
				CLANG_WARN__DUPLICATE_METHOD_MATCH = YES;
				"CODE_SIGN_IDENTITY[sdk=iphoneos*]" = "iPhone Developer";
				COPY_PHASE_STRIP = NO;
				DEBUG_INFORMATION_FORMAT = "dwarf-with-dsym";
				ENABLE_NS_ASSERTIONS = NO;
				ENABLE_STRICT_OBJC_MSGSEND = YES;
				GCC_C_LANGUAGE_STANDARD = gnu99;
				GCC_NO_COMMON_BLOCKS = YES;
				GCC_WARN_64_TO_32_BIT_CONVERSION = YES;
				GCC_WARN_ABOUT_RETURN_TYPE = YES_ERROR;
				GCC_WARN_UNDECLARED_SELECTOR = YES;
				GCC_WARN_UNINITIALIZED_AUTOS = YES_AGGRESSIVE;
				GCC_WARN_UNUSED_FUNCTION = YES;
				GCC_WARN_UNUSED_VARIABLE = YES;
				IPHONEOS_DEPLOYMENT_TARGET = 9.2;
				MTL_ENABLE_DEBUG_INFO = NO;
				SDKROOT = iphoneos;
				TARGETED_DEVICE_FAMILY = "1,2";
				VALIDATE_PRODUCT = YES;
			};
			name = Release;
		};
		2BB4929B1CF19FFE0075FDAC /* Debug */ = {
			isa = XCBuildConfiguration;
			buildSettings = {
				ASSETCATALOG_COMPILER_APPICON_NAME = AppIcon;
				INFOPLIST_FILE = P_D/Info.plist;
				LD_RUNPATH_SEARCH_PATHS = "$(inherited) @executable_path/Frameworks";
				PRODUCT_BUNDLE_IDENTIFIER = "xxx.P-D";
				PRODUCT_NAME = "$(TARGET_NAME)";
			};
			name = Debug;
		};
		2BB4929C1CF19FFE0075FDAC /* Release */ = {
			isa = XCBuildConfiguration;
			buildSettings = {
				ASSETCATALOG_COMPILER_APPICON_NAME = AppIcon;
				INFOPLIST_FILE = P_D/Info.plist;
				LD_RUNPATH_SEARCH_PATHS = "$(inherited) @executable_path/Frameworks";
				PRODUCT_BUNDLE_IDENTIFIER = "xxx.P-D";
				PRODUCT_NAME = "$(TARGET_NAME)";
			};
			name = Release;
		};
/* End XCBuildConfiguration section */

/* Begin XCConfigurationList section */
		2BB4927E1CF19FFE0075FDAC /* Build configuration list for PBXProject "P_D" */ = {
			isa = XCConfigurationList;
			buildConfigurations = (
				2BB492981CF19FFE0075FDAC /* Debug */,
				2BB492991CF19FFE0075FDAC /* Release */,
			);
			defaultConfigurationIsVisible = 0;
			defaultConfigurationName = Release;
		};
		2BB4929A1CF19FFE0075FDAC /* Build configuration list for PBXNativeTarget "P_D" */ = {
			isa = XCConfigurationList;
			buildConfigurations = (
				2BB4929B1CF19FFE0075FDAC /* Debug */,
				2BB4929C1CF19FFE0075FDAC /* Release */,
			);
			defaultConfigurationIsVisible = 0;
		};
/* End XCConfigurationList section */
	};
	rootObject = 2BB4927B1CF19FFE0075FDAC /* Project object */;
}
